
Microsoft Visual Studio Solution File, Format Version 12.00
# Visual Studio Version 16
VisualStudioVersion = 16.0.30114.105
MinimumVisualStudioVersion = 10.0.40219.1
Project("{2150E333-8FDC-42A3-9474-1A3956D46DE8}") = "src", "src", "{1D04AA69-987C-49AE-959C-F8EADF343C64}"
EndProject
Project("{FAE04EC0-301F-11D3-BF4B-00C04F79EFBC}") = "HorrorVillains.Web", "src\HorrorVillains.Web\HorrorVillains.Web.csproj", "{3BF4CA34-1109-43B1-8428-11A5D5D9CF4D}"
EndProject
Global
	GlobalSection(SolutionConfigurationPlatforms) = preSolution
		Debug|Any CPU = Debug|Any CPU
		Release|Any CPU = Release|Any CPU
	EndGlobalSection
	GlobalSection(SolutionProperties) = preSolution
		HideSolutionNode = FALSE
	EndGlobalSection
	GlobalSection(ProjectConfigurationPlatforms) = postSolution
		{3BF4CA34-1109-43B1-8428-11A5D5D9CF4D}.Debug|Any CPU.ActiveCfg = Debug|Any CPU
		{3BF4CA34-1109-43B1-8428-11A5D5D9CF4D}.Debug|Any CPU.Build.0 = Debug|Any CPU
		{3BF4CA34-1109-43B1-8428-11A5D5D9CF4D}.Release|Any CPU.ActiveCfg = Release|Any CPU
		{3BF4CA34-1109-43B1-8428-11A5D5D9CF4D}.Release|Any CPU.Build.0 = Release|Any CPU
	EndGlobalSection
	GlobalSection(NestedProjects) = preSolution
		{3BF4CA34-1109-43B1-8428-11A5D5D9CF4D} = {1D04AA69-987C-49AE-959C-F8EADF343C64}
	EndGlobalSection
EndGlobal
